// !$*UTF8*$!
{
	archiveVersion = 1;
	classes = {
	};
	objectVersion = 46;
	objects = {

/* Begin PBXBuildFile section */
		842B4B3C15838CCF006347BD /* libFlurryAnalytics.a in Frameworks */ = {isa = PBXBuildFile; fileRef = 842B4B3B15838CCF006347BD /* libFlurryAnalytics.a */; };
		8438A061158328C0006EEFA5 /* paper_background.png in Resources */ = {isa = PBXBuildFile; fileRef = 8438A05F158328C0006EEFA5 /* paper_background.png */; };
		8438A062158328C0006EEFA5 /* paper_background@2x.png in Resources */ = {isa = PBXBuildFile; fileRef = 8438A060158328C0006EEFA5 /* paper_background@2x.png */; };
		8438A06415832F53006EEFA5 /* 20-gear2.png in Resources */ = {isa = PBXBuildFile; fileRef = 8438A06315832F53006EEFA5 /* 20-gear2.png */; };
		8438A0BE15833181006EEFA5 /* CoreData.framework in Frameworks */ = {isa = PBXBuildFile; fileRef = 8438A0BD15833181006EEFA5 /* CoreData.framework */; };
		8438A0C515833204006EEFA5 /* Philosophy.xcdatamodeld in Sources */ = {isa = PBXBuildFile; fileRef = 8438A0C315833204006EEFA5 /* Philosophy.xcdatamodeld */; };
		8438A0C815833491006EEFA5 /* Item.m in Sources */ = {isa = PBXBuildFile; fileRef = 8438A0C715833491006EEFA5 /* Item.m */; };
		8481D9CB158392B100F1D26A /* PLDateParser.m in Sources */ = {isa = PBXBuildFile; fileRef = 8481D9CA158392B100F1D26A /* PLDateParser.m */; };
		84C9AAC81582EBCF00D40F29 /* UIKit.framework in Frameworks */ = {isa = PBXBuildFile; fileRef = 84C9AAC71582EBCF00D40F29 /* UIKit.framework */; };
		84C9AACA1582EBCF00D40F29 /* Foundation.framework in Frameworks */ = {isa = PBXBuildFile; fileRef = 84C9AAC91582EBCF00D40F29 /* Foundation.framework */; };
		84C9AACC1582EBCF00D40F29 /* CoreGraphics.framework in Frameworks */ = {isa = PBXBuildFile; fileRef = 84C9AACB1582EBCF00D40F29 /* CoreGraphics.framework */; };
		84C9AAD21582EBCF00D40F29 /* InfoPlist.strings in Resources */ = {isa = PBXBuildFile; fileRef = 84C9AAD01582EBCF00D40F29 /* InfoPlist.strings */; };
		84C9AAD41582EBCF00D40F29 /* main.m in Sources */ = {isa = PBXBuildFile; fileRef = 84C9AAD31582EBCF00D40F29 /* main.m */; };
		84C9AAD81582EBCF00D40F29 /* PLAppDelegate.m in Sources */ = {isa = PBXBuildFile; fileRef = 84C9AAD71582EBCF00D40F29 /* PLAppDelegate.m */; };
		84C9AADB1582EBCF00D40F29 /* MainStoryboard_iPhone.storyboard in Resources */ = {isa = PBXBuildFile; fileRef = 84C9AAD91582EBCF00D40F29 /* MainStoryboard_iPhone.storyboard */; };
		84C9AADE1582EBCF00D40F29 /* MainStoryboard_iPad.storyboard in Resources */ = {isa = PBXBuildFile; fileRef = 84C9AADC1582EBCF00D40F29 /* MainStoryboard_iPad.storyboard */; };
		84C9AAE91582EBCF00D40F29 /* SenTestingKit.framework in Frameworks */ = {isa = PBXBuildFile; fileRef = 84C9AAE81582EBCF00D40F29 /* SenTestingKit.framework */; };
		84C9AAEA1582EBCF00D40F29 /* UIKit.framework in Frameworks */ = {isa = PBXBuildFile; fileRef = 84C9AAC71582EBCF00D40F29 /* UIKit.framework */; };
		84C9AAEB1582EBCF00D40F29 /* Foundation.framework in Frameworks */ = {isa = PBXBuildFile; fileRef = 84C9AAC91582EBCF00D40F29 /* Foundation.framework */; };
		84C9AAF31582EBCF00D40F29 /* InfoPlist.strings in Resources */ = {isa = PBXBuildFile; fileRef = 84C9AAF11582EBCF00D40F29 /* InfoPlist.strings */; };
		84C9AAF61582EBCF00D40F29 /* PhilosophyTests.m in Sources */ = {isa = PBXBuildFile; fileRef = 84C9AAF51582EBCF00D40F29 /* PhilosophyTests.m */; };
		84C9AB051582ED0400D40F29 /* PLNotesListViewController.m in Sources */ = {isa = PBXBuildFile; fileRef = 84C9AB041582ED0400D40F29 /* PLNotesListViewController.m */; };
		84C9AB081582EEE300D40F29 /* PLShowTaskViewController.m in Sources */ = {isa = PBXBuildFile; fileRef = 84C9AB071582EEE300D40F29 /* PLShowTaskViewController.m */; };
		84C9AB0A1582F76A00D40F29 /* task-background.png in Resources */ = {isa = PBXBuildFile; fileRef = 84C9AB091582F76A00D40F29 /* task-background.png */; };
		84C9AB0F1582FDAC00D40F29 /* refresh.png in Resources */ = {isa = PBXBuildFile; fileRef = 84C9AB0E1582FDAC00D40F29 /* refresh.png */; };
		84C9AB12158303C500D40F29 /* red_button.png in Resources */ = {isa = PBXBuildFile; fileRef = 84C9AB10158303C500D40F29 /* red_button.png */; };
		84C9AB13158303C500D40F29 /* red_button@2x.png in Resources */ = {isa = PBXBuildFile; fileRef = 84C9AB11158303C500D40F29 /* red_button@2x.png */; };
/* End PBXBuildFile section */

/* Begin PBXContainerItemProxy section */
		84C9AAEC1582EBCF00D40F29 /* PBXContainerItemProxy */ = {
			isa = PBXContainerItemProxy;
			containerPortal = 84C9AABA1582EBCE00D40F29 /* Project object */;
			proxyType = 1;
			remoteGlobalIDString = 84C9AAC21582EBCF00D40F29;
			remoteInfo = Philosophy;
		};
/* End PBXContainerItemProxy section */

/* Begin PBXFileReference section */
		842B4B3A15838CCF006347BD /* FlurryAnalytics.h */ = {isa = PBXFileReference; fileEncoding = 4; lastKnownFileType = sourcecode.c.h; path = FlurryAnalytics.h; sourceTree = "<group>"; };
		842B4B3B15838CCF006347BD /* libFlurryAnalytics.a */ = {isa = PBXFileReference; lastKnownFileType = archive.ar; path = libFlurryAnalytics.a; sourceTree = "<group>"; };
		8438A05F158328C0006EEFA5 /* paper_background.png */ = {isa = PBXFileReference; lastKnownFileType = image.png; path = paper_background.png; sourceTree = "<group>"; };
		8438A060158328C0006EEFA5 /* paper_background@2x.png */ = {isa = PBXFileReference; lastKnownFileType = image.png; path = "paper_background@2x.png"; sourceTree = "<group>"; };
		8438A06315832F53006EEFA5 /* 20-gear2.png */ = {isa = PBXFileReference; lastKnownFileType = image.png; path = "20-gear2.png"; sourceTree = "<group>"; };
		8438A0BD15833181006EEFA5 /* CoreData.framework */ = {isa = PBXFileReference; lastKnownFileType = wrapper.framework; name = CoreData.framework; path = System/Library/Frameworks/CoreData.framework; sourceTree = SDKROOT; };
		8438A0C415833204006EEFA5 /* Philosophy.xcdatamodel */ = {isa = PBXFileReference; lastKnownFileType = wrapper.xcdatamodel; path = Philosophy.xcdatamodel; sourceTree = "<group>"; };
		8438A0C615833491006EEFA5 /* Item.h */ = {isa = PBXFileReference; fileEncoding = 4; lastKnownFileType = sourcecode.c.h; path = Item.h; sourceTree = "<group>"; };
		8438A0C715833491006EEFA5 /* Item.m */ = {isa = PBXFileReference; fileEncoding = 4; lastKnownFileType = sourcecode.c.objc; path = Item.m; sourceTree = "<group>"; };
		8481D9C9158392B100F1D26A /* PLDateParser.h */ = {isa = PBXFileReference; fileEncoding = 4; lastKnownFileType = sourcecode.c.h; path = PLDateParser.h; sourceTree = "<group>"; };
		8481D9CA158392B100F1D26A /* PLDateParser.m */ = {isa = PBXFileReference; fileEncoding = 4; lastKnownFileType = sourcecode.c.objc; path = PLDateParser.m; sourceTree = "<group>"; };
		84C9AAC31582EBCF00D40F29 /* Philosophy.app */ = {isa = PBXFileReference; explicitFileType = wrapper.application; includeInIndex = 0; path = Philosophy.app; sourceTree = BUILT_PRODUCTS_DIR; };
		84C9AAC71582EBCF00D40F29 /* UIKit.framework */ = {isa = PBXFileReference; lastKnownFileType = wrapper.framework; name = UIKit.framework; path = System/Library/Frameworks/UIKit.framework; sourceTree = SDKROOT; };
		84C9AAC91582EBCF00D40F29 /* Foundation.framework */ = {isa = PBXFileReference; lastKnownFileType = wrapper.framework; name = Foundation.framework; path = System/Library/Frameworks/Foundation.framework; sourceTree = SDKROOT; };
		84C9AACB1582EBCF00D40F29 /* CoreGraphics.framework */ = {isa = PBXFileReference; lastKnownFileType = wrapper.framework; name = CoreGraphics.framework; path = System/Library/Frameworks/CoreGraphics.framework; sourceTree = SDKROOT; };
		84C9AACF1582EBCF00D40F29 /* Philosophy-Info.plist */ = {isa = PBXFileReference; lastKnownFileType = text.plist.xml; path = "Philosophy-Info.plist"; sourceTree = "<group>"; };
		84C9AAD11582EBCF00D40F29 /* en */ = {isa = PBXFileReference; lastKnownFileType = text.plist.strings; name = en; path = en.lproj/InfoPlist.strings; sourceTree = "<group>"; };
		84C9AAD31582EBCF00D40F29 /* main.m */ = {isa = PBXFileReference; lastKnownFileType = sourcecode.c.objc; path = main.m; sourceTree = "<group>"; };
		84C9AAD51582EBCF00D40F29 /* Philosophy-Prefix.pch */ = {isa = PBXFileReference; lastKnownFileType = sourcecode.c.h; path = "Philosophy-Prefix.pch"; sourceTree = "<group>"; };
		84C9AAD61582EBCF00D40F29 /* PLAppDelegate.h */ = {isa = PBXFileReference; lastKnownFileType = sourcecode.c.h; path = PLAppDelegate.h; sourceTree = "<group>"; };
		84C9AAD71582EBCF00D40F29 /* PLAppDelegate.m */ = {isa = PBXFileReference; lastKnownFileType = sourcecode.c.objc; path = PLAppDelegate.m; sourceTree = "<group>"; };
		84C9AADA1582EBCF00D40F29 /* en */ = {isa = PBXFileReference; lastKnownFileType = file.storyboard; name = en; path = en.lproj/MainStoryboard_iPhone.storyboard; sourceTree = "<group>"; };
		84C9AADD1582EBCF00D40F29 /* en */ = {isa = PBXFileReference; lastKnownFileType = file.storyboard; name = en; path = en.lproj/MainStoryboard_iPad.storyboard; sourceTree = "<group>"; };
		84C9AAE71582EBCF00D40F29 /* PhilosophyTests.octest */ = {isa = PBXFileReference; explicitFileType = wrapper.cfbundle; includeInIndex = 0; path = PhilosophyTests.octest; sourceTree = BUILT_PRODUCTS_DIR; };
		84C9AAE81582EBCF00D40F29 /* SenTestingKit.framework */ = {isa = PBXFileReference; lastKnownFileType = wrapper.framework; name = SenTestingKit.framework; path = Library/Frameworks/SenTestingKit.framework; sourceTree = DEVELOPER_DIR; };
		84C9AAF01582EBCF00D40F29 /* PhilosophyTests-Info.plist */ = {isa = PBXFileReference; lastKnownFileType = text.plist.xml; path = "PhilosophyTests-Info.plist"; sourceTree = "<group>"; };
		84C9AAF21582EBCF00D40F29 /* en */ = {isa = PBXFileReference; lastKnownFileType = text.plist.strings; name = en; path = en.lproj/InfoPlist.strings; sourceTree = "<group>"; };
		84C9AAF41582EBCF00D40F29 /* PhilosophyTests.h */ = {isa = PBXFileReference; lastKnownFileType = sourcecode.c.h; path = PhilosophyTests.h; sourceTree = "<group>"; };
		84C9AAF51582EBCF00D40F29 /* PhilosophyTests.m */ = {isa = PBXFileReference; lastKnownFileType = sourcecode.c.objc; path = PhilosophyTests.m; sourceTree = "<group>"; };
		84C9AB031582ED0400D40F29 /* PLNotesListViewController.h */ = {isa = PBXFileReference; fileEncoding = 4; lastKnownFileType = sourcecode.c.h; name = PLNotesListViewController.h; path = "View Controllers/PLNotesListViewController.h"; sourceTree = "<group>"; };
		84C9AB041582ED0400D40F29 /* PLNotesListViewController.m */ = {isa = PBXFileReference; fileEncoding = 4; lastKnownFileType = sourcecode.c.objc; name = PLNotesListViewController.m; path = "View Controllers/PLNotesListViewController.m"; sourceTree = "<group>"; };
		84C9AB061582EEE300D40F29 /* PLShowTaskViewController.h */ = {isa = PBXFileReference; fileEncoding = 4; lastKnownFileType = sourcecode.c.h; name = PLShowTaskViewController.h; path = "View Controllers/PLShowTaskViewController.h"; sourceTree = "<group>"; };
		84C9AB071582EEE300D40F29 /* PLShowTaskViewController.m */ = {isa = PBXFileReference; fileEncoding = 4; lastKnownFileType = sourcecode.c.objc; name = PLShowTaskViewController.m; path = "View Controllers/PLShowTaskViewController.m"; sourceTree = "<group>"; };
		84C9AB091582F76A00D40F29 /* task-background.png */ = {isa = PBXFileReference; lastKnownFileType = image.png; name = "task-background.png"; path = "Philosophy/Resources/task-background.png"; sourceTree = "<group>"; };
		84C9AB0E1582FDAC00D40F29 /* refresh.png */ = {isa = PBXFileReference; lastKnownFileType = image.png; name = refresh.png; path = Philosophy/Resources/refresh.png; sourceTree = "<group>"; };
		84C9AB10158303C500D40F29 /* red_button.png */ = {isa = PBXFileReference; lastKnownFileType = image.png; path = red_button.png; sourceTree = "<group>"; };
		84C9AB11158303C500D40F29 /* red_button@2x.png */ = {isa = PBXFileReference; lastKnownFileType = image.png; path = "red_button@2x.png"; sourceTree = "<group>"; };
/* End PBXFileReference section */

/* Begin PBXFrameworksBuildPhase section */
		84C9AAC01582EBCF00D40F29 /* Frameworks */ = {
			isa = PBXFrameworksBuildPhase;
			buildActionMask = 2147483647;
			files = (
				8438A0BE15833181006EEFA5 /* CoreData.framework in Frameworks */,
				84C9AAC81582EBCF00D40F29 /* UIKit.framework in Frameworks */,
				84C9AACA1582EBCF00D40F29 /* Foundation.framework in Frameworks */,
				84C9AACC1582EBCF00D40F29 /* CoreGraphics.framework in Frameworks */,
				842B4B3C15838CCF006347BD /* libFlurryAnalytics.a in Frameworks */,
			);
			runOnlyForDeploymentPostprocessing = 0;
		};
		84C9AAE31582EBCF00D40F29 /* Frameworks */ = {
			isa = PBXFrameworksBuildPhase;
			buildActionMask = 2147483647;
			files = (
				84C9AAE91582EBCF00D40F29 /* SenTestingKit.framework in Frameworks */,
				84C9AAEA1582EBCF00D40F29 /* UIKit.framework in Frameworks */,
				84C9AAEB1582EBCF00D40F29 /* Foundation.framework in Frameworks */,
			);
			runOnlyForDeploymentPostprocessing = 0;
		};
/* End PBXFrameworksBuildPhase section */

/* Begin PBXGroup section */
		842B4B3915838CCF006347BD /* FlurryAnalytics */ = {
			isa = PBXGroup;
			children = (
				842B4B3A15838CCF006347BD /* FlurryAnalytics.h */,
				842B4B3B15838CCF006347BD /* libFlurryAnalytics.a */,
			);
			path = FlurryAnalytics;
			sourceTree = "<group>";
		};
		8438A0C915833498006EEFA5 /* Models */ = {
			isa = PBXGroup;
			children = (
				8438A0C615833491006EEFA5 /* Item.h */,
				8438A0C715833491006EEFA5 /* Item.m */,
			);
			name = Models;
			sourceTree = "<group>";
		};
		8481D9C71583929600F1D26A /* Helpers */ = {
			isa = PBXGroup;
			children = (
				8481D9C9158392B100F1D26A /* PLDateParser.h */,
				8481D9CA158392B100F1D26A /* PLDateParser.m */,
			);
			name = Helpers;
			sourceTree = "<group>";
		};
		84C9AAB81582EBCE00D40F29 = {
			isa = PBXGroup;
			children = (
				84C9AACD1582EBCF00D40F29 /* Philosophy */,
				84C9AAEE1582EBCF00D40F29 /* PhilosophyTests */,
				84C9AAC61582EBCF00D40F29 /* Frameworks */,
				84C9AAC41582EBCF00D40F29 /* Products */,
				84C9AB0B1582F77200D40F29 /* Resources */,
			);
			sourceTree = "<group>";
		};
		84C9AAC41582EBCF00D40F29 /* Products */ = {
			isa = PBXGroup;
			children = (
				84C9AAC31582EBCF00D40F29 /* Philosophy.app */,
				84C9AAE71582EBCF00D40F29 /* PhilosophyTests.octest */,
			);
			name = Products;
			sourceTree = "<group>";
		};
		84C9AAC61582EBCF00D40F29 /* Frameworks */ = {
			isa = PBXGroup;
			children = (
				8438A0BD15833181006EEFA5 /* CoreData.framework */,
				84C9AAC71582EBCF00D40F29 /* UIKit.framework */,
				84C9AAC91582EBCF00D40F29 /* Foundation.framework */,
				84C9AACB1582EBCF00D40F29 /* CoreGraphics.framework */,
				84C9AAE81582EBCF00D40F29 /* SenTestingKit.framework */,
			);
			name = Frameworks;
			sourceTree = "<group>";
		};
		84C9AACD1582EBCF00D40F29 /* Philosophy */ = {
			isa = PBXGroup;
			children = (
				8481D9C71583929600F1D26A /* Helpers */,
				842B4B3915838CCF006347BD /* FlurryAnalytics */,
				84C9AAFF1582EC8D00D40F29 /* View Controllers */,
				84C9AAD61582EBCF00D40F29 /* PLAppDelegate.h */,
				84C9AAD71582EBCF00D40F29 /* PLAppDelegate.m */,
				8438A0C315833204006EEFA5 /* Philosophy.xcdatamodeld */,
				8438A0C915833498006EEFA5 /* Models */,
				84C9AAD91582EBCF00D40F29 /* MainStoryboard_iPhone.storyboard */,
				84C9AADC1582EBCF00D40F29 /* MainStoryboard_iPad.storyboard */,
				84C9AACE1582EBCF00D40F29 /* Supporting Files */,
			);
			path = Philosophy;
			sourceTree = "<group>";
		};
		84C9AACE1582EBCF00D40F29 /* Supporting Files */ = {
			isa = PBXGroup;
			children = (
				84C9AACF1582EBCF00D40F29 /* Philosophy-Info.plist */,
				84C9AAD01582EBCF00D40F29 /* InfoPlist.strings */,
				84C9AAD31582EBCF00D40F29 /* main.m */,
				84C9AAD51582EBCF00D40F29 /* Philosophy-Prefix.pch */,
			);
			name = "Supporting Files";
			sourceTree = "<group>";
		};
		84C9AAEE1582EBCF00D40F29 /* PhilosophyTests */ = {
			isa = PBXGroup;
			children = (
				84C9AAF41582EBCF00D40F29 /* PhilosophyTests.h */,
				84C9AAF51582EBCF00D40F29 /* PhilosophyTests.m */,
				84C9AAEF1582EBCF00D40F29 /* Supporting Files */,
			);
			path = PhilosophyTests;
			sourceTree = "<group>";
		};
		84C9AAEF1582EBCF00D40F29 /* Supporting Files */ = {
			isa = PBXGroup;
			children = (
				84C9AAF01582EBCF00D40F29 /* PhilosophyTests-Info.plist */,
				84C9AAF11582EBCF00D40F29 /* InfoPlist.strings */,
			);
			name = "Supporting Files";
			sourceTree = "<group>";
		};
		84C9AAFF1582EC8D00D40F29 /* View Controllers */ = {
			isa = PBXGroup;
			children = (
				84C9AB031582ED0400D40F29 /* PLNotesListViewController.h */,
				84C9AB041582ED0400D40F29 /* PLNotesListViewController.m */,
				84C9AB061582EEE300D40F29 /* PLShowTaskViewController.h */,
				84C9AB071582EEE300D40F29 /* PLShowTaskViewController.m */,
			);
			name = "View Controllers";
			sourceTree = "<group>";
		};
		84C9AB0B1582F77200D40F29 /* Resources */ = {
			isa = PBXGroup;
			children = (
				8438A05F158328C0006EEFA5 /* paper_background.png */,
				8438A060158328C0006EEFA5 /* paper_background@2x.png */,
				84C9AB10158303C500D40F29 /* red_button.png */,
				84C9AB11158303C500D40F29 /* red_button@2x.png */,
				84C9AB0E1582FDAC00D40F29 /* refresh.png */,
				8438A06315832F53006EEFA5 /* 20-gear2.png */,
				84C9AB091582F76A00D40F29 /* task-background.png */,
			);
			name = Resources;
			sourceTree = "<group>";
		};
/* End PBXGroup section */

/* Begin PBXNativeTarget section */
		84C9AAC21582EBCF00D40F29 /* Philosophy */ = {
			isa = PBXNativeTarget;
			buildConfigurationList = 84C9AAF91582EBCF00D40F29 /* Build configuration list for PBXNativeTarget "Philosophy" */;
			buildPhases = (
				84C9AABF1582EBCF00D40F29 /* Sources */,
				84C9AAC01582EBCF00D40F29 /* Frameworks */,
				84C9AAC11582EBCF00D40F29 /* Resources */,
			);
			buildRules = (
			);
			dependencies = (
			);
			name = Philosophy;
			productName = Philosophy;
			productReference = 84C9AAC31582EBCF00D40F29 /* Philosophy.app */;
			productType = "com.apple.product-type.application";
		};
		84C9AAE61582EBCF00D40F29 /* PhilosophyTests */ = {
			isa = PBXNativeTarget;
			buildConfigurationList = 84C9AAFC1582EBCF00D40F29 /* Build configuration list for PBXNativeTarget "PhilosophyTests" */;
			buildPhases = (
				84C9AAE21582EBCF00D40F29 /* Sources */,
				84C9AAE31582EBCF00D40F29 /* Frameworks */,
				84C9AAE41582EBCF00D40F29 /* Resources */,
				84C9AAE51582EBCF00D40F29 /* ShellScript */,
			);
			buildRules = (
			);
			dependencies = (
				84C9AAED1582EBCF00D40F29 /* PBXTargetDependency */,
			);
			name = PhilosophyTests;
			productName = PhilosophyTests;
			productReference = 84C9AAE71582EBCF00D40F29 /* PhilosophyTests.octest */;
			productType = "com.apple.product-type.bundle";
		};
/* End PBXNativeTarget section */

/* Begin PBXProject section */
		84C9AABA1582EBCE00D40F29 /* Project object */ = {
			isa = PBXProject;
			attributes = {
				CLASSPREFIX = PL;
				LastUpgradeCheck = 0430;
			};
			buildConfigurationList = 84C9AABD1582EBCE00D40F29 /* Build configuration list for PBXProject "Philosophy" */;
			compatibilityVersion = "Xcode 3.2";
			developmentRegion = English;
			hasScannedForEncodings = 0;
			knownRegions = (
				en,
			);
			mainGroup = 84C9AAB81582EBCE00D40F29;
			productRefGroup = 84C9AAC41582EBCF00D40F29 /* Products */;
			projectDirPath = "";
			projectRoot = "";
			targets = (
				84C9AAC21582EBCF00D40F29 /* Philosophy */,
				84C9AAE61582EBCF00D40F29 /* PhilosophyTests */,
			);
		};
/* End PBXProject section */

/* Begin PBXResourcesBuildPhase section */
		84C9AAC11582EBCF00D40F29 /* Resources */ = {
			isa = PBXResourcesBuildPhase;
			buildActionMask = 2147483647;
			files = (
				84C9AAD21582EBCF00D40F29 /* InfoPlist.strings in Resources */,
				84C9AADB1582EBCF00D40F29 /* MainStoryboard_iPhone.storyboard in Resources */,
				84C9AADE1582EBCF00D40F29 /* MainStoryboard_iPad.storyboard in Resources */,
				84C9AB0A1582F76A00D40F29 /* task-background.png in Resources */,
				84C9AB0F1582FDAC00D40F29 /* refresh.png in Resources */,
				84C9AB12158303C500D40F29 /* red_button.png in Resources */,
				84C9AB13158303C500D40F29 /* red_button@2x.png in Resources */,
				8438A061158328C0006EEFA5 /* paper_background.png in Resources */,
				8438A062158328C0006EEFA5 /* paper_background@2x.png in Resources */,
				8438A06415832F53006EEFA5 /* 20-gear2.png in Resources */,
			);
			runOnlyForDeploymentPostprocessing = 0;
		};
		84C9AAE41582EBCF00D40F29 /* Resources */ = {
			isa = PBXResourcesBuildPhase;
			buildActionMask = 2147483647;
			files = (
				84C9AAF31582EBCF00D40F29 /* InfoPlist.strings in Resources */,
			);
			runOnlyForDeploymentPostprocessing = 0;
		};
/* End PBXResourcesBuildPhase section */

/* Begin PBXShellScriptBuildPhase section */
		84C9AAE51582EBCF00D40F29 /* ShellScript */ = {
			isa = PBXShellScriptBuildPhase;
			buildActionMask = 2147483647;
			files = (
			);
			inputPaths = (
			);
			outputPaths = (
			);
			runOnlyForDeploymentPostprocessing = 0;
			shellPath = /bin/sh;
			shellScript = "# Run the unit tests in this test bundle.\n\"${SYSTEM_DEVELOPER_DIR}/Tools/RunUnitTests\"\n";
		};
/* End PBXShellScriptBuildPhase section */

/* Begin PBXSourcesBuildPhase section */
		84C9AABF1582EBCF00D40F29 /* Sources */ = {
			isa = PBXSourcesBuildPhase;
			buildActionMask = 2147483647;
			files = (
				84C9AAD41582EBCF00D40F29 /* main.m in Sources */,
				84C9AAD81582EBCF00D40F29 /* PLAppDelegate.m in Sources */,
				84C9AB051582ED0400D40F29 /* PLNotesListViewController.m in Sources */,
				84C9AB081582EEE300D40F29 /* PLShowTaskViewController.m in Sources */,
				8438A0C515833204006EEFA5 /* Philosophy.xcdatamodeld in Sources */,
				8438A0C815833491006EEFA5 /* Item.m in Sources */,
				8481D9CB158392B100F1D26A /* PLDateParser.m in Sources */,
			);
			runOnlyForDeploymentPostprocessing = 0;
		};
		84C9AAE21582EBCF00D40F29 /* Sources */ = {
			isa = PBXSourcesBuildPhase;
			buildActionMask = 2147483647;
			files = (
				84C9AAF61582EBCF00D40F29 /* PhilosophyTests.m in Sources */,
			);
			runOnlyForDeploymentPostprocessing = 0;
		};
/* End PBXSourcesBuildPhase section */

/* Begin PBXTargetDependency section */
		84C9AAED1582EBCF00D40F29 /* PBXTargetDependency */ = {
			isa = PBXTargetDependency;
			target = 84C9AAC21582EBCF00D40F29 /* Philosophy */;
			targetProxy = 84C9AAEC1582EBCF00D40F29 /* PBXContainerItemProxy */;
		};
/* End PBXTargetDependency section */

/* Begin PBXVariantGroup section */
		84C9AAD01582EBCF00D40F29 /* InfoPlist.strings */ = {
			isa = PBXVariantGroup;
			children = (
				84C9AAD11582EBCF00D40F29 /* en */,
			);
			name = InfoPlist.strings;
			sourceTree = "<group>";
		};
		84C9AAD91582EBCF00D40F29 /* MainStoryboard_iPhone.storyboard */ = {
			isa = PBXVariantGroup;
			children = (
				84C9AADA1582EBCF00D40F29 /* en */,
			);
			name = MainStoryboard_iPhone.storyboard;
			sourceTree = "<group>";
		};
		84C9AADC1582EBCF00D40F29 /* MainStoryboard_iPad.storyboard */ = {
			isa = PBXVariantGroup;
			children = (
				84C9AADD1582EBCF00D40F29 /* en */,
			);
			name = MainStoryboard_iPad.storyboard;
			sourceTree = "<group>";
		};
		84C9AAF11582EBCF00D40F29 /* InfoPlist.strings */ = {
			isa = PBXVariantGroup;
			children = (
				84C9AAF21582EBCF00D40F29 /* en */,
			);
			name = InfoPlist.strings;
			sourceTree = "<group>";
		};
/* End PBXVariantGroup section */

/* Begin XCBuildConfiguration section */
		84C9AAF71582EBCF00D40F29 /* Debug */ = {
			isa = XCBuildConfiguration;
			buildSettings = {
				ALWAYS_SEARCH_USER_PATHS = NO;
				ARCHS = "$(ARCHS_STANDARD_32_BIT)";
				CLANG_ENABLE_OBJC_ARC = YES;
				"CODE_SIGN_IDENTITY[sdk=iphoneos*]" = "iPhone Developer";
				COPY_PHASE_STRIP = NO;
				GCC_C_LANGUAGE_STANDARD = gnu99;
				GCC_DYNAMIC_NO_PIC = NO;
				GCC_OPTIMIZATION_LEVEL = 0;
				GCC_PREPROCESSOR_DEFINITIONS = (
					"DEBUG=1",
					"$(inherited)",
				);
				GCC_SYMBOLS_PRIVATE_EXTERN = NO;
				GCC_VERSION = com.apple.compilers.llvm.clang.1_0;
				GCC_WARN_ABOUT_RETURN_TYPE = YES;
				GCC_WARN_UNINITIALIZED_AUTOS = YES;
				GCC_WARN_UNUSED_VARIABLE = YES;
				IPHONEOS_DEPLOYMENT_TARGET = 5.1;
				SDKROOT = iphoneos;
				TARGETED_DEVICE_FAMILY = "1,2";
			};
			name = Debug;
		};
		84C9AAF81582EBCF00D40F29 /* Release */ = {
			isa = XCBuildConfiguration;
			buildSettings = {
				ALWAYS_SEARCH_USER_PATHS = NO;
				ARCHS = "$(ARCHS_STANDARD_32_BIT)";
				CLANG_ENABLE_OBJC_ARC = YES;
				"CODE_SIGN_IDENTITY[sdk=iphoneos*]" = "iPhone Developer";
				COPY_PHASE_STRIP = YES;
				GCC_C_LANGUAGE_STANDARD = gnu99;
				GCC_VERSION = com.apple.compilers.llvm.clang.1_0;
				GCC_WARN_ABOUT_RETURN_TYPE = YES;
				GCC_WARN_UNINITIALIZED_AUTOS = YES;
				GCC_WARN_UNUSED_VARIABLE = YES;
				IPHONEOS_DEPLOYMENT_TARGET = 5.1;
				OTHER_CFLAGS = "-DNS_BLOCK_ASSERTIONS=1";
				SDKROOT = iphoneos;
				TARGETED_DEVICE_FAMILY = "1,2";
				VALIDATE_PRODUCT = YES;
			};
			name = Release;
		};
		84C9AAFA1582EBCF00D40F29 /* Debug */ = {
			isa = XCBuildConfiguration;
			buildSettings = {
				GCC_PRECOMPILE_PREFIX_HEADER = YES;
				GCC_PREFIX_HEADER = "Philosophy/Philosophy-Prefix.pch";
				INFOPLIST_FILE = "Philosophy/Philosophy-Info.plist";
				IPHONEOS_DEPLOYMENT_TARGET = 5.0;
				LIBRARY_SEARCH_PATHS = (
					"$(inherited)",
					"\"$(SRCROOT)/Philosophy/FlurryAnalytics\"",
				);
				PRODUCT_NAME = "$(TARGET_NAME)";
				WRAPPER_EXTENSION = app;
			};
			name = Debug;
		};
		84C9AAFB1582EBCF00D40F29 /* Release */ = {
			isa = XCBuildConfiguration;
			buildSettings = {
				GCC_PRECOMPILE_PREFIX_HEADER = YES;
				GCC_PREFIX_HEADER = "Philosophy/Philosophy-Prefix.pch";
				INFOPLIST_FILE = "Philosophy/Philosophy-Info.plist";
				IPHONEOS_DEPLOYMENT_TARGET = 5.0;
				LIBRARY_SEARCH_PATHS = (
					"$(inherited)",
					"\"$(SRCROOT)/Philosophy/FlurryAnalytics\"",
				);
				PRODUCT_NAME = "$(TARGET_NAME)";
				WRAPPER_EXTENSION = app;
			};
			name = Release;
		};
		84C9AAFD1582EBCF00D40F29 /* Debug */ = {
			isa = XCBuildConfiguration;
			buildSettings = {
				BUNDLE_LOADER = "$(BUILT_PRODUCTS_DIR)/Philosophy.app/Philosophy";
				FRAMEWORK_SEARCH_PATHS = (
					"$(SDKROOT)/Developer/Library/Frameworks",
					"$(DEVELOPER_LIBRARY_DIR)/Frameworks",
				);
				GCC_PRECOMPILE_PREFIX_HEADER = YES;
				GCC_PREFIX_HEADER = "Philosophy/Philosophy-Prefix.pch";
				INFOPLIST_FILE = "PhilosophyTests/PhilosophyTests-Info.plist";
				PRODUCT_NAME = "$(TARGET_NAME)";
				TEST_HOST = "$(BUNDLE_LOADER)";
				WRAPPER_EXTENSION = octest;
			};
			name = Debug;
		};
		84C9AAFE1582EBCF00D40F29 /* Release */ = {
			isa = XCBuildConfiguration;
			buildSettings = {
				BUNDLE_LOADER = "$(BUILT_PRODUCTS_DIR)/Philosophy.app/Philosophy";
				FRAMEWORK_SEARCH_PATHS = (
					"$(SDKROOT)/Developer/Library/Frameworks",
					"$(DEVELOPER_LIBRARY_DIR)/Frameworks",
				);
				GCC_PRECOMPILE_PREFIX_HEADER = YES;
				GCC_PREFIX_HEADER = "Philosophy/Philosophy-Prefix.pch";
				INFOPLIST_FILE = "PhilosophyTests/PhilosophyTests-Info.plist";
				PRODUCT_NAME = "$(TARGET_NAME)";
				TEST_HOST = "$(BUNDLE_LOADER)";
				WRAPPER_EXTENSION = octest;
			};
			name = Release;
		};
/* End XCBuildConfiguration section */

/* Begin XCConfigurationList section */
		84C9AABD1582EBCE00D40F29 /* Build configuration list for PBXProject "Philosophy" */ = {
			isa = XCConfigurationList;
			buildConfigurations = (
				84C9AAF71582EBCF00D40F29 /* Debug */,
				84C9AAF81582EBCF00D40F29 /* Release */,
			);
			defaultConfigurationIsVisible = 0;
			defaultConfigurationName = Release;
		};
		84C9AAF91582EBCF00D40F29 /* Build configuration list for PBXNativeTarget "Philosophy" */ = {
			isa = XCConfigurationList;
			buildConfigurations = (
				84C9AAFA1582EBCF00D40F29 /* Debug */,
				84C9AAFB1582EBCF00D40F29 /* Release */,
			);
			defaultConfigurationIsVisible = 0;
			defaultConfigurationName = Release;
		};
		84C9AAFC1582EBCF00D40F29 /* Build configuration list for PBXNativeTarget "PhilosophyTests" */ = {
			isa = XCConfigurationList;
			buildConfigurations = (
				84C9AAFD1582EBCF00D40F29 /* Debug */,
				84C9AAFE1582EBCF00D40F29 /* Release */,
			);
			defaultConfigurationIsVisible = 0;
			defaultConfigurationName = Release;
		};
/* End XCConfigurationList section */

/* Begin XCVersionGroup section */
		8438A0C315833204006EEFA5 /* Philosophy.xcdatamodeld */ = {
			isa = XCVersionGroup;
			children = (
				8438A0C415833204006EEFA5 /* Philosophy.xcdatamodel */,
			);
			currentVersion = 8438A0C415833204006EEFA5 /* Philosophy.xcdatamodel */;
			path = Philosophy.xcdatamodeld;
			sourceTree = "<group>";
			versionGroupType = wrapper.xcdatamodel;
		};
/* End XCVersionGroup section */
	};
	rootObject = 84C9AABA1582EBCE00D40F29 /* Project object */;
}
